
Microsoft Visual Studio Solution File, Format Version 12.00
# Visual Studio 16
Project("{FAE04EC0-301F-11D3-BF4B-00C04F79EFBC}") = "Assembly-CSharp", "Assembly-CSharp.csproj", "{5DF2403E-3CA1-E6E4-E25A-E383330C2265}"
EndProject
Project("{FAE04EC0-301F-11D3-BF4B-00C04F79EFBC}") = "Assembly-CSharp-firstpass", "Assembly-CSharp-firstpass.csproj", "{F9F86145-460E-D21B-C97B-18D3DD111539}"
EndProject
Project("{FAE04EC0-301F-11D3-BF4B-00C04F79EFBC}") = "RenderHeads.AVProMovieCapture.Runtime", "RenderHeads.AVProMovieCapture.Runtime.csproj", "{446C5C59-A91B-50B8-8A54-B93FC532DCBD}"
EndProject
Project("{FAE04EC0-301F-11D3-BF4B-00C04F79EFBC}") = "RenderHeads.AVProMovieCapture.Demos", "RenderHeads.AVProMovieCapture.Demos.csproj", "{F1C5A80A-C9FD-27D4-584B-C9EFB884669C}"
EndProject
Project("{FAE04EC0-301F-11D3-BF4B-00C04F79EFBC}") = "Assembly-CSharp-Editor-firstpass", "Assembly-CSharp-Editor-firstpass.csproj", "{83790384-BF84-AD50-2188-64889ED36CC0}"
EndProject
Project("{FAE04EC0-301F-11D3-BF4B-00C04F79EFBC}") = "RenderHeads.AVProMovieCapture.Editor", "RenderHeads.AVProMovieCapture.Editor.csproj", "{57004F16-FA01-28B5-1CF7-1A7583A0676B}"
EndProject
Global
	GlobalSection(SolutionConfigurationPlatforms) = preSolution
		Debug|Any CPU = Debug|Any CPU
		Release|Any CPU = Release|Any CPU
	EndGlobalSection
	GlobalSection(ProjectConfigurationPlatforms) = postSolution
		{5DF2403E-3CA1-E6E4-E25A-E383330C2265}.Debug|Any CPU.ActiveCfg = Debug|Any CPU
		{5DF2403E-3CA1-E6E4-E25A-E383330C2265}.Debug|Any CPU.Build.0 = Debug|Any CPU
		{5DF2403E-3CA1-E6E4-E25A-E383330C2265}.Release|Any CPU.ActiveCfg = Release|Any CPU
		{5DF2403E-3CA1-E6E4-E25A-E383330C2265}.Release|Any CPU.Build.0 = Release|Any CPU
		{F9F86145-460E-D21B-C97B-18D3DD111539}.Debug|Any CPU.ActiveCfg = Debug|Any CPU
		{F9F86145-460E-D21B-C97B-18D3DD111539}.Debug|Any CPU.Build.0 = Debug|Any CPU
		{F9F86145-460E-D21B-C97B-18D3DD111539}.Release|Any CPU.ActiveCfg = Release|Any CPU
		{F9F86145-460E-D21B-C97B-18D3DD111539}.Release|Any CPU.Build.0 = Release|Any CPU
		{446C5C59-A91B-50B8-8A54-B93FC532DCBD}.Debug|Any CPU.ActiveCfg = Debug|Any CPU
		{446C5C59-A91B-50B8-8A54-B93FC532DCBD}.Debug|Any CPU.Build.0 = Debug|Any CPU
		{446C5C59-A91B-50B8-8A54-B93FC532DCBD}.Release|Any CPU.ActiveCfg = Release|Any CPU
		{446C5C59-A91B-50B8-8A54-B93FC532DCBD}.Release|Any CPU.Build.0 = Release|Any CPU
		{F1C5A80A-C9FD-27D4-584B-C9EFB884669C}.Debug|Any CPU.ActiveCfg = Debug|Any CPU
		{F1C5A80A-C9FD-27D4-584B-C9EFB884669C}.Debug|Any CPU.Build.0 = Debug|Any CPU
		{F1C5A80A-C9FD-27D4-584B-C9EFB884669C}.Release|Any CPU.ActiveCfg = Release|Any CPU
		{F1C5A80A-C9FD-27D4-584B-C9EFB884669C}.Release|Any CPU.Build.0 = Release|Any CPU
		{83790384-BF84-AD50-2188-64889ED36CC0}.Debug|Any CPU.ActiveCfg = Debug|Any CPU
		{83790384-BF84-AD50-2188-64889ED36CC0}.Debug|Any CPU.Build.0 = Debug|Any CPU
		{83790384-BF84-AD50-2188-64889ED36CC0}.Release|Any CPU.ActiveCfg = Release|Any CPU
		{83790384-BF84-AD50-2188-64889ED36CC0}.Release|Any CPU.Build.0 = Release|Any CPU
		{57004F16-FA01-28B5-1CF7-1A7583A0676B}.Debug|Any CPU.ActiveCfg = Debug|Any CPU
		{57004F16-FA01-28B5-1CF7-1A7583A0676B}.Debug|Any CPU.Build.0 = Debug|Any CPU
		{57004F16-FA01-28B5-1CF7-1A7583A0676B}.Release|Any CPU.ActiveCfg = Release|Any CPU
		{57004F16-FA01-28B5-1CF7-1A7583A0676B}.Release|Any CPU.Build.0 = Release|Any CPU
	EndGlobalSection
	GlobalSection(SolutionProperties) = preSolution
		HideSolutionNode = FALSE
	EndGlobalSection
EndGlobal
